{
  "name": "data-visualization",
  "version": "1.0.0",
  "lockfileVersion": 1,
  "requires": true,
  "dependencies": {
    "@types/d3": {
      "version": "3.5.46",
      "resolved": "https://registry.npmjs.org/@types/d3/-/d3-3.5.46.tgz",
      "integrity": "sha512-jNHfiGd41+JUV43LTMzQNidyp4Hn0XfhoSmy8baE0d/N5pGYpD+yX03JacY/MH+smFxYOQGXlz4HxkRZOuRNOQ=="
    },
    "@types/plotly.js": {
      "version": "1.54.16",
      "resolved": "https://registry.npmjs.org/@types/plotly.js/-/plotly.js-1.54.16.tgz",
      "integrity": "sha512-Kli9UqZwO12cvJ4dT2kGaBtpgq96y8TPsvsB87XTCO+jEMMVy0OZ4WMW+8plS/lBKCtMNtwRNYNlD3+8Stgn2Q==",
      "requires": {
        "@types/d3": "^3"
      }
    },
    "fs": {
      "version": "0.0.1-security",
      "resolved": "https://registry.npmjs.org/fs/-/fs-0.0.1-security.tgz",
      "integrity": "sha1-invTcYa23d84E/I4WLV+yq9eQdQ="
    },
    "nodeplotlib": {
      "version": "0.7.6",
      "resolved": "https://registry.npmjs.org/nodeplotlib/-/nodeplotlib-0.7.6.tgz",
      "integrity": "sha512-iqU2jAnGWNJ/esP7N/hloOKR2TiYRguv3Fn+kcBIrkd+xMICixCOh6y11cG0phFxDviG36Ti9czAqhzz5jMadw==",
      "requires": {
        "@types/plotly.js": "^1.54.16"
      }
    }
  }
}
